
Microsoft Visual Studio Solution File, Format Version 12.00
# Visual Studio Version 17
VisualStudioVersion = 17.1.32421.90
MinimumVisualStudioVersion = 10.0.40219.1
Project("{9A19103F-16F7-4668-BE54-9A1E7A4F7556}") = "TestProject", "TestProject.csproj", "{DDA0B9FC-9F80-4817-B700-C235530D3B1E}"
EndProject
Project("{9A19103F-16F7-4668-BE54-9A1E7A4F7556}") = "TestTools", "..\TestTools\TestTools.csproj", "{E5B4AAD2-771E-4F49-9275-727263995A37}"
EndProject
Global
	GlobalSection(SolutionConfigurationPlatforms) = preSolution
		Debug|Any CPU = Debug|Any CPU
		Release|Any CPU = Release|Any CPU
	EndGlobalSection
	GlobalSection(ProjectConfigurationPlatforms) = postSolution
		{DDA0B9FC-9F80-4817-B700-C235530D3B1E}.Debug|Any CPU.ActiveCfg = Debug|Any CPU
		{DDA0B9FC-9F80-4817-B700-C235530D3B1E}.Debug|Any CPU.Build.0 = Debug|Any CPU
		{DDA0B9FC-9F80-4817-B700-C235530D3B1E}.Release|Any CPU.ActiveCfg = Release|Any CPU
		{DDA0B9FC-9F80-4817-B700-C235530D3B1E}.Release|Any CPU.Build.0 = Release|Any CPU
		{E5B4AAD2-771E-4F49-9275-727263995A37}.Debug|Any CPU.ActiveCfg = Debug|Any CPU
		{E5B4AAD2-771E-4F49-9275-727263995A37}.Debug|Any CPU.Build.0 = Debug|Any CPU
		{E5B4AAD2-771E-4F49-9275-727263995A37}.Release|Any CPU.ActiveCfg = Release|Any CPU
		{E5B4AAD2-771E-4F49-9275-727263995A37}.Release|Any CPU.Build.0 = Release|Any CPU
	EndGlobalSection
	GlobalSection(SolutionProperties) = preSolution
		HideSolutionNode = FALSE
	EndGlobalSection
	GlobalSection(ExtensibilityGlobals) = postSolution
		SolutionGuid = {F25EE2C9-3067-45A0-A372-D06348875C7F}
	EndGlobalSection
EndGlobal
